
Microsoft Visual Studio Solution File, Format Version 12.00
# Visual Studio Version 17
VisualStudioVersion = 17.0.31903.59
MinimumVisualStudioVersion = 10.0.40219.1
Project("{2150E333-8FDC-42A3-9474-1A3956D46DE8}") = "src", "src", "{E9375E14-7D87-4FEC-99DF-91DDBDB7752F}"
EndProject
Project("{2150E333-8FDC-42A3-9474-1A3956D46DE8}") = "tests", "tests", "{8B1AF440-E14B-44A5-A450-3FF871AF2BC2}"
	ProjectSection(SolutionItems) = preProject
		tests\cypress.config.js = tests\cypress.config.js
		tests\package.json = tests\package.json
	EndProjectSection
EndProject
Project("{9A19103F-16F7-4668-BE54-9A1E7A4F7556}") = "FamilyHubs.ReferralUi.UnitTests", "tests\FamilyHubs.ReferralUi.UnitTests\FamilyHubs.ReferralUi.UnitTests.csproj", "{757C127E-A76A-414D-9EC9-9EE4DB3A841D}"
EndProject
Project("{9A19103F-16F7-4668-BE54-9A1E7A4F7556}") = "FamilyHubs.Referral.Web", "src\FamilyHubs.Referral.Web\FamilyHubs.Referral.Web.csproj", "{E6C1713F-7A91-4D76-BBE4-EBF4E7D9FF9A}"
EndProject
Project("{2150E333-8FDC-42A3-9474-1A3956D46DE8}") = "cypress", "cypress", "{A6EE1D09-058D-4AB2-AAEB-AE3CFC967A52}"
EndProject
Project("{2150E333-8FDC-42A3-9474-1A3956D46DE8}") = "e2e", "e2e", "{33EF0359-0789-4031-9D80-B65F8290EBA7}"
	ProjectSection(SolutionItems) = preProject
		tests\cypress\e2e\fhg-1364_search-result-heading-and-number-of-results.feature = tests\cypress\e2e\fhg-1364_search-result-heading-and-number-of-results.feature
		tests\cypress\e2e\fhg-1364_search-result-heading-and-number-of-results.js = tests\cypress\e2e\fhg-1364_search-result-heading-and-number-of-results.js
		tests\cypress\e2e\fhg-1739-footer-links.feature = tests\cypress\e2e\fhg-1739-footer-links.feature
		tests\cypress\e2e\fhg-1739-footer-links.js = tests\cypress\e2e\fhg-1739-footer-links.js
		tests\cypress\e2e\fhg-1739-header-links.feature = tests\cypress\e2e\fhg-1739-header-links.feature
		tests\cypress\e2e\fhg-1739-header-links.js = tests\cypress\e2e\fhg-1739-header-links.js
		tests\cypress\e2e\fhg-1742_accessibility-statement.feature = tests\cypress\e2e\fhg-1742_accessibility-statement.feature
		tests\cypress\e2e\fhg-1742_accessibility-statement.js = tests\cypress\e2e\fhg-1742_accessibility-statement.js
		tests\cypress\e2e\FHG-1771_Cookies-page.feature = tests\cypress\e2e\FHG-1771_Cookies-page.feature
		tests\cypress\e2e\FHG-1771_Cookies-page.js = tests\cypress\e2e\FHG-1771_Cookies-page.js
		tests\cypress\e2e\FHG-1773_Cookies-banner.feature = tests\cypress\e2e\FHG-1773_Cookies-banner.feature
		tests\cypress\e2e\FHG-1773_Cookies-banner.js = tests\cypress\e2e\FHG-1773_Cookies-banner.js
		tests\cypress\e2e\fhg1032_nosearchresults.feature = tests\cypress\e2e\fhg1032_nosearchresults.feature
		tests\cypress\e2e\fhg1032_nosearchresults.js = tests\cypress\e2e\fhg1032_nosearchresults.js
		tests\cypress\e2e\fhg1042-filterbycategory.feature = tests\cypress\e2e\fhg1042-filterbycategory.feature
		tests\cypress\e2e\fhg1042-filterbycategory.js = tests\cypress\e2e\fhg1042-filterbycategory.js
		tests\cypress\e2e\fhg1088-showfilteroption.feature = tests\cypress\e2e\fhg1088-showfilteroption.feature
		tests\cypress\e2e\fhg1088-showfilteroption.js = tests\cypress\e2e\fhg1088-showfilteroption.js
		tests\cypress\e2e\fhg1326_dfebrandingheader.feature = tests\cypress\e2e\fhg1326_dfebrandingheader.feature
		tests\cypress\e2e\fhg1326_dfebrandingheader.js = tests\cypress\e2e\fhg1326_dfebrandingheader.js
		tests\cypress\e2e\fhg1395_removefilter.feature = tests\cypress\e2e\fhg1395_removefilter.feature
		tests\cypress\e2e\fhg1395_removefilter.js = tests\cypress\e2e\fhg1395_removefilter.js
		tests\cypress\e2e\fhg1395_updatedfilterscloud.feature = tests\cypress\e2e\fhg1395_updatedfilterscloud.feature
		tests\cypress\e2e\fhg1395_updatedfilterscloud.js = tests\cypress\e2e\fhg1395_updatedfilterscloud.js
		tests\cypress\e2e\fhg1397_PhoneEmailAddressWebsite.feature = tests\cypress\e2e\fhg1397_PhoneEmailAddressWebsite.feature
		tests\cypress\e2e\fhg1397_PhoneEmailAddressWebsite.js = tests\cypress\e2e\fhg1397_PhoneEmailAddressWebsite.js
		tests\cypress\e2e\fhg490_searchpostcode.feature = tests\cypress\e2e\fhg490_searchpostcode.feature
		tests\cypress\e2e\fhg490_searchpostcode.js = tests\cypress\e2e\fhg490_searchpostcode.js
		tests\cypress\e2e\fhg539_filterbyage.feature = tests\cypress\e2e\fhg539_filterbyage.feature
		tests\cypress\e2e\fhg539_filterbyage.js = tests\cypress\e2e\fhg539_filterbyage.js
		tests\cypress\e2e\fhg540_filterbydeliverymethod.feature = tests\cypress\e2e\fhg540_filterbydeliverymethod.feature
		tests\cypress\e2e\fhg540_filterbydeliverymethod.js = tests\cypress\e2e\fhg540_filterbydeliverymethod.js
		tests\cypress\e2e\fhg541_filterbylocation.feature = tests\cypress\e2e\fhg541_filterbylocation.feature
		tests\cypress\e2e\fhg541_filterbylocation.js = tests\cypress\e2e\fhg541_filterbylocation.js
		tests\cypress\e2e\fhg543_filterbylanguage.feature = tests\cypress\e2e\fhg543_filterbylanguage.feature
		tests\cypress\e2e\fhg543_filterbylanguage.js = tests\cypress\e2e\fhg543_filterbylanguage.js
		tests\cypress\e2e\fhg544_clearfilters.feature = tests\cypress\e2e\fhg544_clearfilters.feature
		tests\cypress\e2e\fhg544_clearfilters.js = tests\cypress\e2e\fhg544_clearfilters.js
		tests\cypress\e2e\fhg766_nofilterresults.feature = tests\cypress\e2e\fhg766_nofilterresults.feature
		tests\cypress\e2e\fhg766_nofilterresults.js = tests\cypress\e2e\fhg766_nofilterresults.js
		tests\cypress\e2e\fhg816_multiplefiltersselected.feature = tests\cypress\e2e\fhg816_multiplefiltersselected.feature
		tests\cypress\e2e\fhg816_multiplefiltersselected.js = tests\cypress\e2e\fhg816_multiplefiltersselected.js
		tests\cypress\e2e\filtersearchresults.feature = tests\cypress\e2e\filtersearchresults.feature
		tests\cypress\e2e\filtersearchresults.js = tests\cypress\e2e\filtersearchresults.js
		tests\cypress\e2e\searchresults.feature = tests\cypress\e2e\searchresults.feature
		tests\cypress\e2e\searchresults.js = tests\cypress\e2e\searchresults.js
		tests\cypress\e2e\searchresultsdetails.feature = tests\cypress\e2e\searchresultsdetails.feature
		tests\cypress\e2e\searchresultsdetails.js = tests\cypress\e2e\searchresultsdetails.js
		tests\cypress\e2e\startnow.feature = tests\cypress\e2e\startnow.feature
		tests\cypress\e2e\startnow.js = tests\cypress\e2e\startnow.js
	EndProjectSection
EndProject
Project("{2150E333-8FDC-42A3-9474-1A3956D46DE8}") = "downloads", "downloads", "{75564816-EDB6-4BA6-BB96-64A9FFF9B38F}"
EndProject
Project("{2150E333-8FDC-42A3-9474-1A3956D46DE8}") = "support", "support", "{6EC63E02-083B-437A-B384-7D741573865C}"
	ProjectSection(SolutionItems) = preProject
		tests\cypress\support\commands.js = tests\cypress\support\commands.js
		tests\cypress\support\e2e.js = tests\cypress\support\e2e.js
		tests\cypress\support\pages.js = tests\cypress\support\pages.js
	EndProjectSection
EndProject
Project("{2150E333-8FDC-42A3-9474-1A3956D46DE8}") = "solution items", "solution items", "{3F514464-EAD3-4F55-8AEF-0A8286237A62}"
	ProjectSection(SolutionItems) = preProject
		.gitignore = .gitignore
	EndProjectSection
EndProject
Project("{2150E333-8FDC-42A3-9474-1A3956D46DE8}") = "docs", "docs", "{2A1D12D9-CCA3-495E-8724-25AE0DA1E730}"
	ProjectSection(SolutionItems) = preProject
		README.md = README.md
	EndProjectSection
EndProject
Project("{9A19103F-16F7-4668-BE54-9A1E7A4F7556}") = "FamilyHubs.Referral.Core", "src\FamilyHubs.Referral.Core\FamilyHubs.Referral.Core.csproj", "{2B12F60F-6ECE-454C-AF45-EECBB14F57AE}"
EndProject
Project("{9A19103F-16F7-4668-BE54-9A1E7A4F7556}") = "FamilyHubs.Referral.Infrastructure", "src\FamilyHubs.Referral.Infrastructure\FamilyHubs.Referral.Infrastructure.csproj", "{E157DC6C-B4DE-43FA-A0C4-FF6FA510BA37}"
EndProject
Global
	GlobalSection(SolutionConfigurationPlatforms) = preSolution
		Debug|Any CPU = Debug|Any CPU
		Release|Any CPU = Release|Any CPU
	EndGlobalSection
	GlobalSection(ProjectConfigurationPlatforms) = postSolution
		{757C127E-A76A-414D-9EC9-9EE4DB3A841D}.Debug|Any CPU.ActiveCfg = Debug|Any CPU
		{757C127E-A76A-414D-9EC9-9EE4DB3A841D}.Debug|Any CPU.Build.0 = Debug|Any CPU
		{757C127E-A76A-414D-9EC9-9EE4DB3A841D}.Release|Any CPU.ActiveCfg = Release|Any CPU
		{757C127E-A76A-414D-9EC9-9EE4DB3A841D}.Release|Any CPU.Build.0 = Release|Any CPU
		{E6C1713F-7A91-4D76-BBE4-EBF4E7D9FF9A}.Debug|Any CPU.ActiveCfg = Debug|Any CPU
		{E6C1713F-7A91-4D76-BBE4-EBF4E7D9FF9A}.Debug|Any CPU.Build.0 = Debug|Any CPU
		{E6C1713F-7A91-4D76-BBE4-EBF4E7D9FF9A}.Release|Any CPU.ActiveCfg = Release|Any CPU
		{E6C1713F-7A91-4D76-BBE4-EBF4E7D9FF9A}.Release|Any CPU.Build.0 = Release|Any CPU
		{2B12F60F-6ECE-454C-AF45-EECBB14F57AE}.Debug|Any CPU.ActiveCfg = Debug|Any CPU
		{2B12F60F-6ECE-454C-AF45-EECBB14F57AE}.Debug|Any CPU.Build.0 = Debug|Any CPU
		{2B12F60F-6ECE-454C-AF45-EECBB14F57AE}.Release|Any CPU.ActiveCfg = Release|Any CPU
		{2B12F60F-6ECE-454C-AF45-EECBB14F57AE}.Release|Any CPU.Build.0 = Release|Any CPU
		{E157DC6C-B4DE-43FA-A0C4-FF6FA510BA37}.Debug|Any CPU.ActiveCfg = Debug|Any CPU
		{E157DC6C-B4DE-43FA-A0C4-FF6FA510BA37}.Debug|Any CPU.Build.0 = Debug|Any CPU
		{E157DC6C-B4DE-43FA-A0C4-FF6FA510BA37}.Release|Any CPU.ActiveCfg = Release|Any CPU
		{E157DC6C-B4DE-43FA-A0C4-FF6FA510BA37}.Release|Any CPU.Build.0 = Release|Any CPU
	EndGlobalSection
	GlobalSection(SolutionProperties) = preSolution
		HideSolutionNode = FALSE
	EndGlobalSection
	GlobalSection(NestedProjects) = preSolution
		{757C127E-A76A-414D-9EC9-9EE4DB3A841D} = {8B1AF440-E14B-44A5-A450-3FF871AF2BC2}
		{E6C1713F-7A91-4D76-BBE4-EBF4E7D9FF9A} = {E9375E14-7D87-4FEC-99DF-91DDBDB7752F}
		{A6EE1D09-058D-4AB2-AAEB-AE3CFC967A52} = {8B1AF440-E14B-44A5-A450-3FF871AF2BC2}
		{33EF0359-0789-4031-9D80-B65F8290EBA7} = {A6EE1D09-058D-4AB2-AAEB-AE3CFC967A52}
		{75564816-EDB6-4BA6-BB96-64A9FFF9B38F} = {A6EE1D09-058D-4AB2-AAEB-AE3CFC967A52}
		{6EC63E02-083B-437A-B384-7D741573865C} = {A6EE1D09-058D-4AB2-AAEB-AE3CFC967A52}
		{2B12F60F-6ECE-454C-AF45-EECBB14F57AE} = {E9375E14-7D87-4FEC-99DF-91DDBDB7752F}
		{E157DC6C-B4DE-43FA-A0C4-FF6FA510BA37} = {E9375E14-7D87-4FEC-99DF-91DDBDB7752F}
	EndGlobalSection
	GlobalSection(ExtensibilityGlobals) = postSolution
		SolutionGuid = {217B2C02-6F79-4B62-A0E8-12100E4C5FC4}
	EndGlobalSection
EndGlobal
